PODS:
  - Alamofire (4.8.2)
  - MVVM-Swift (5.0.1)
  - ObjectMapper (3.5.2)
  - Realm (4.4.1):
    - Realm/Headers (= 4.4.1)
  - Realm/Headers (4.4.1)
  - RealmSwift (4.4.1):
    - Realm (= 4.4.1)
  - SDWebImage (5.8.0):
    - SDWebImage/Core (= 5.8.0)
  - SDWebImage/Core (5.8.0)
  - SVProgressHUD (2.2.5)
  - SwifterSwift (5.2.0):
    - SwifterSwift/AppKit (= 5.2.0)
    - SwifterSwift/CoreAnimation (= 5.2.0)
    - SwifterSwift/CoreGraphics (= 5.2.0)
    - SwifterSwift/CoreLocation (= 5.2.0)
    - SwifterSwift/Dispatch (= 5.2.0)
    - SwifterSwift/Foundation (= 5.2.0)
    - SwifterSwift/MapKit (= 5.2.0)
    - SwifterSwift/SceneKit (= 5.2.0)
    - SwifterSwift/SpriteKit (= 5.2.0)
    - SwifterSwift/StoreKit (= 5.2.0)
    - SwifterSwift/SwiftStdlib (= 5.2.0)
    - SwifterSwift/UIKit (= 5.2.0)
  - SwifterSwift/AppKit (5.2.0)
  - SwifterSwift/CoreAnimation (5.2.0)
  - SwifterSwift/CoreGraphics (5.2.0)
  - SwifterSwift/CoreLocation (5.2.0)
  - SwifterSwift/Dispatch (5.2.0)
  - SwifterSwift/Foundation (5.2.0)
  - SwifterSwift/MapKit (5.2.0)
  - SwifterSwift/SceneKit (5.2.0)
  - SwifterSwift/SpriteKit (5.2.0)
  - SwifterSwift/StoreKit (5.2.0)
  - SwifterSwift/SwiftStdlib (5.2.0)
  - SwifterSwift/UIKit (5.2.0)
  - SwiftLint (0.39.2)
  - SwiftUtils (4.2)

DEPENDENCIES:
  - Alamofire (~> 4.8.2)
  - MVVM-Swift
  - ObjectMapper
  - RealmSwift
  - SDWebImage (~> 5.0)
  - SVProgressHUD
  - SwifterSwift
  - SwiftLint
  - SwiftUtils (= 4.2)

SPEC REPOS:
  trunk:
    - Alamofire
    - MVVM-Swift
    - ObjectMapper
    - Realm
    - RealmSwift
    - SDWebImage
    - SVProgressHUD
    - SwifterSwift
    - SwiftLint
    - SwiftUtils

SPEC CHECKSUMS:
  Alamofire: ae5c501addb7afdbb13687d7f2f722c78734c2d3
  MVVM-Swift: 0333cd8a16abfe0e93a1423bfddb49b8c11065e1
  ObjectMapper: b53ae947d370bf89423e86be7d4e2d2b2a8d3f40
  Realm: 4eb04d7487bd43c0581256f40b424eafb711deff
  RealmSwift: 3eb8924ff7100df5928c7602f71d0fec51e7c9c5
  SDWebImage: 84000f962cbfa70c07f19d2234cbfcf5d779b5dc
  SVProgressHUD: 1428aafac632c1f86f62aa4243ec12008d7a51d6
  SwifterSwift: 334181863c416882d97b7a60c05054d9e4d799e2
  SwiftLint: 22ccbbe3b8008684be5955693bab135e0ed6a447
  SwiftUtils: de77bcd1df216c9be6ec7011777302c60a2018a6

PODFILE CHECKSUM: 2ddd92cd2263437b8cdd6e3fe8eff330302027f2

COCOAPODS: 1.9.1
