// !$*UTF8*$!
{
	archiveVersion = 1;
	classes = {
	};
	objectVersion = 51;
	objects = {

/* Begin PBXBuildFile section */
		28FCBB971641E38092688B26 /* Pods_FinalProject.framework in Frameworks */ = {isa = PBXBuildFile; fileRef = 8C84656D731A9EF57FF398C2 /* Pods_FinalProject.framework */; };
		6E8967DC245857EF00CF52C7 /* FontSizeExt.swift in Sources */ = {isa = PBXBuildFile; fileRef = 6E8967DB245857EF00CF52C7 /* FontSizeExt.swift */; };
		6E8967DE2458586900CF52C7 /* Ratio.swift in Sources */ = {isa = PBXBuildFile; fileRef = 6E8967DD2458586900CF52C7 /* Ratio.swift */; };
		6E9129A12452AA0300F89B26 /* AppDelegate.swift in Sources */ = {isa = PBXBuildFile; fileRef = 6E9129A02452AA0300F89B26 /* AppDelegate.swift */; };
		6E9129A32452AA0300F89B26 /* SceneDelegate.swift in Sources */ = {isa = PBXBuildFile; fileRef = 6E9129A22452AA0300F89B26 /* SceneDelegate.swift */; };
		6E9129A52452AA0300F89B26 /* ViewController.swift in Sources */ = {isa = PBXBuildFile; fileRef = 6E9129A42452AA0300F89B26 /* ViewController.swift */; };
		6E9129AA2452AA0800F89B26 /* Assets.xcassets in Resources */ = {isa = PBXBuildFile; fileRef = 6E9129A92452AA0800F89B26 /* Assets.xcassets */; };
		6E9129AD2452AA0800F89B26 /* LaunchScreen.storyboard in Resources */ = {isa = PBXBuildFile; fileRef = 6E9129AB2452AA0800F89B26 /* LaunchScreen.storyboard */; };
		6E9129C4245331E800F89B26 /* LeagueListViewController.swift in Sources */ = {isa = PBXBuildFile; fileRef = 6E9129C2245331E800F89B26 /* LeagueListViewController.swift */; };
		6E9129C5245331E800F89B26 /* LeagueListViewController.xib in Resources */ = {isa = PBXBuildFile; fileRef = 6E9129C3245331E800F89B26 /* LeagueListViewController.xib */; };
		6E9129C72453323500F89B26 /* LeagueListViewModel.swift in Sources */ = {isa = PBXBuildFile; fileRef = 6E9129C62453323500F89B26 /* LeagueListViewModel.swift */; };
		6E9129CA2453326800F89B26 /* SearchViewController.swift in Sources */ = {isa = PBXBuildFile; fileRef = 6E9129C82453326800F89B26 /* SearchViewController.swift */; };
		6E9129CB2453326800F89B26 /* SearchViewController.xib in Resources */ = {isa = PBXBuildFile; fileRef = 6E9129C92453326800F89B26 /* SearchViewController.xib */; };
		6E9129CD2453327C00F89B26 /* SearchViewModel.swift in Sources */ = {isa = PBXBuildFile; fileRef = 6E9129CC2453327C00F89B26 /* SearchViewModel.swift */; };
		6E9129D02453329C00F89B26 /* FavoriteViewController.swift in Sources */ = {isa = PBXBuildFile; fileRef = 6E9129CE2453329C00F89B26 /* FavoriteViewController.swift */; };
		6E9129D12453329C00F89B26 /* FavoriteViewController.xib in Resources */ = {isa = PBXBuildFile; fileRef = 6E9129CF2453329C00F89B26 /* FavoriteViewController.xib */; };
		6E9129D3245332B500F89B26 /* FavoriteViewModel.swift in Sources */ = {isa = PBXBuildFile; fileRef = 6E9129D2245332B500F89B26 /* FavoriteViewModel.swift */; };
		6E9129D62453383D00F89B26 /* StringExt.swift in Sources */ = {isa = PBXBuildFile; fileRef = 6E9129D52453383D00F89B26 /* StringExt.swift */; };
		6E9129D824533F6300F89B26 /* App.swift in Sources */ = {isa = PBXBuildFile; fileRef = 6E9129D724533F6300F89B26 /* App.swift */; };
		6E9129DA245340AE00F89B26 /* MapperExt.swift in Sources */ = {isa = PBXBuildFile; fileRef = 6E9129D9245340AE00F89B26 /* MapperExt.swift */; };
		6E9129E0245341E000F89B26 /* UIGestureRecognizerExt.swift in Sources */ = {isa = PBXBuildFile; fileRef = 6E9129DF245341DF00F89B26 /* UIGestureRecognizerExt.swift */; };
		6E9129E22453420500F89B26 /* UIColorExt.swift in Sources */ = {isa = PBXBuildFile; fileRef = 6E9129E12453420500F89B26 /* UIColorExt.swift */; };
		6E9129E42453423100F89B26 /* UICollectionViewExt.swift in Sources */ = {isa = PBXBuildFile; fileRef = 6E9129E32453423100F89B26 /* UICollectionViewExt.swift */; };
		6E9129E62453429F00F89B26 /* UILabelExt.swift in Sources */ = {isa = PBXBuildFile; fileRef = 6E9129E52453429F00F89B26 /* UILabelExt.swift */; };
		6E9129E82453430200F89B26 /* UINavigationItemExt.swift in Sources */ = {isa = PBXBuildFile; fileRef = 6E9129E72453430200F89B26 /* UINavigationItemExt.swift */; };
		6E9129EA2453434C00F89B26 /* UIScrollViewExt.swift in Sources */ = {isa = PBXBuildFile; fileRef = 6E9129E92453434C00F89B26 /* UIScrollViewExt.swift */; };
		6E9129EE2453438600F89B26 /* UITableViewExt.swift in Sources */ = {isa = PBXBuildFile; fileRef = 6E9129ED2453438600F89B26 /* UITableViewExt.swift */; };
		6E9129F02453443000F89B26 /* UIViewExt.swift in Sources */ = {isa = PBXBuildFile; fileRef = 6E9129EF2453443000F89B26 /* UIViewExt.swift */; };
		6E9129F3245345D700F89B26 /* ApiManager.swift in Sources */ = {isa = PBXBuildFile; fileRef = 6E9129F2245345D700F89B26 /* ApiManager.swift */; };
		6E9129F52453467B00F89B26 /* RequestSerializer.swift in Sources */ = {isa = PBXBuildFile; fileRef = 6E9129F42453467B00F89B26 /* RequestSerializer.swift */; };
		6E9129F92453478200F89B26 /* Router.swift in Sources */ = {isa = PBXBuildFile; fileRef = 6E9129F82453478200F89B26 /* Router.swift */; };
		6E9129FB24534A2E00F89B26 /* ResponseSerializer.swift in Sources */ = {isa = PBXBuildFile; fileRef = 6E9129FA24534A2E00F89B26 /* ResponseSerializer.swift */; };
		6E9129FD24534A7800F89B26 /* Error.swift in Sources */ = {isa = PBXBuildFile; fileRef = 6E9129FC24534A7800F89B26 /* Error.swift */; };
		6E9129FF24534DA100F89B26 /* NSURL.swift in Sources */ = {isa = PBXBuildFile; fileRef = 6E9129FE24534DA100F89B26 /* NSURL.swift */; };
		6E912A012453535700F89B26 /* DictionaryExt.swift in Sources */ = {isa = PBXBuildFile; fileRef = 6E912A002453535700F89B26 /* DictionaryExt.swift */; };
		6E912A032453541200F89B26 /* NSDataExt.swift in Sources */ = {isa = PBXBuildFile; fileRef = 6E912A022453541200F89B26 /* NSDataExt.swift */; };
		6E912A052453569B00F89B26 /* CollectionView.swift in Sources */ = {isa = PBXBuildFile; fileRef = 6E912A042453569B00F89B26 /* CollectionView.swift */; };
		6E912A07245356D300F89B26 /* NavigationController.swift in Sources */ = {isa = PBXBuildFile; fileRef = 6E912A06245356D300F89B26 /* NavigationController.swift */; };
		6E912A092453570000F89B26 /* Popup.swift in Sources */ = {isa = PBXBuildFile; fileRef = 6E912A082453570000F89B26 /* Popup.swift */; };
		6E912A0B245357AC00F89B26 /* View.swift in Sources */ = {isa = PBXBuildFile; fileRef = 6E912A0A245357AC00F89B26 /* View.swift */; };
		6E912A0E2453582800F89B26 /* Player.swift in Sources */ = {isa = PBXBuildFile; fileRef = 6E912A0D2453582800F89B26 /* Player.swift */; };
		6E912A102453592500F89B26 /* CollectionExt.swift in Sources */ = {isa = PBXBuildFile; fileRef = 6E912A0F2453592500F89B26 /* CollectionExt.swift */; };
		6E912A122453596F00F89B26 /* BundleExt.swift in Sources */ = {isa = PBXBuildFile; fileRef = 6E912A112453596F00F89B26 /* BundleExt.swift */; };
		6E912A14245359C200F89B26 /* Color.swift in Sources */ = {isa = PBXBuildFile; fileRef = 6E912A13245359C200F89B26 /* Color.swift */; };
		A4133B7724572E310036C4DB /* LeagueTableCell.swift in Sources */ = {isa = PBXBuildFile; fileRef = A4133B7524572E310036C4DB /* LeagueTableCell.swift */; };
		A4133B7824572E310036C4DB /* LeagueTableCell.xib in Resources */ = {isa = PBXBuildFile; fileRef = A4133B7624572E310036C4DB /* LeagueTableCell.xib */; };
		A4133B7A24572E6C0036C4DB /* LeagueTableCellVM.swift in Sources */ = {isa = PBXBuildFile; fileRef = A4133B7924572E6C0036C4DB /* LeagueTableCellVM.swift */; };
		A492BE822457D13800D32CA3 /* DataExt.swift in Sources */ = {isa = PBXBuildFile; fileRef = A492BE812457D13800D32CA3 /* DataExt.swift */; };
		A492BE842457D26D00D32CA3 /* Networking.swift in Sources */ = {isa = PBXBuildFile; fileRef = A492BE832457D26D00D32CA3 /* Networking.swift */; };
		A492BE862457D48500D32CA3 /* League.swift in Sources */ = {isa = PBXBuildFile; fileRef = A492BE852457D48500D32CA3 /* League.swift */; };
		A4CA43212456852300063EBF /* TabBarViewController.swift in Sources */ = {isa = PBXBuildFile; fileRef = A4CA43202456852300063EBF /* TabBarViewController.swift */; };
		A4CBC5DE24593D5900F6261A /* DetailLeagueViewController.swift in Sources */ = {isa = PBXBuildFile; fileRef = A4CBC5DC24593D5900F6261A /* DetailLeagueViewController.swift */; };
		A4CBC5DF24593D5900F6261A /* DetailLeagueViewController.xib in Resources */ = {isa = PBXBuildFile; fileRef = A4CBC5DD24593D5900F6261A /* DetailLeagueViewController.xib */; };
		A4CBC5E124593D7100F6261A /* DetailLeagueViewModel.swift in Sources */ = {isa = PBXBuildFile; fileRef = A4CBC5E024593D7100F6261A /* DetailLeagueViewModel.swift */; };
/* End PBXBuildFile section */

/* Begin PBXFileReference section */
		0E6ED284269ACB16FE950D0A /* Pods-FinalProject.debug.xcconfig */ = {isa = PBXFileReference; includeInIndex = 1; lastKnownFileType = text.xcconfig; name = "Pods-FinalProject.debug.xcconfig"; path = "Target Support Files/Pods-FinalProject/Pods-FinalProject.debug.xcconfig"; sourceTree = "<group>"; };
		0E84EB681DEC80E3396F7D0C /* Pods-FinalProject.release.xcconfig */ = {isa = PBXFileReference; includeInIndex = 1; lastKnownFileType = text.xcconfig; name = "Pods-FinalProject.release.xcconfig"; path = "Pods/Target Support Files/Pods-FinalProject/Pods-FinalProject.release.xcconfig"; sourceTree = "<group>"; };
		6E8967DB245857EF00CF52C7 /* FontSizeExt.swift */ = {isa = PBXFileReference; lastKnownFileType = sourcecode.swift; path = FontSizeExt.swift; sourceTree = "<group>"; };
		6E8967DD2458586900CF52C7 /* Ratio.swift */ = {isa = PBXFileReference; lastKnownFileType = sourcecode.swift; path = Ratio.swift; sourceTree = "<group>"; };
		6E91299D2452AA0300F89B26 /* FinalProject.app */ = {isa = PBXFileReference; explicitFileType = wrapper.application; includeInIndex = 0; path = FinalProject.app; sourceTree = BUILT_PRODUCTS_DIR; };
		6E9129A02452AA0300F89B26 /* AppDelegate.swift */ = {isa = PBXFileReference; lastKnownFileType = sourcecode.swift; path = AppDelegate.swift; sourceTree = "<group>"; };
		6E9129A22452AA0300F89B26 /* SceneDelegate.swift */ = {isa = PBXFileReference; lastKnownFileType = sourcecode.swift; path = SceneDelegate.swift; sourceTree = "<group>"; };
		6E9129A42452AA0300F89B26 /* ViewController.swift */ = {isa = PBXFileReference; lastKnownFileType = sourcecode.swift; path = ViewController.swift; sourceTree = "<group>"; };
		6E9129A92452AA0800F89B26 /* Assets.xcassets */ = {isa = PBXFileReference; lastKnownFileType = folder.assetcatalog; path = Assets.xcassets; sourceTree = "<group>"; };
		6E9129AC2452AA0800F89B26 /* Base */ = {isa = PBXFileReference; lastKnownFileType = file.storyboard; name = Base; path = Base.lproj/LaunchScreen.storyboard; sourceTree = "<group>"; };
		6E9129AE2452AA0800F89B26 /* Info.plist */ = {isa = PBXFileReference; lastKnownFileType = text.plist.xml; path = Info.plist; sourceTree = "<group>"; };
		6E9129C2245331E800F89B26 /* LeagueListViewController.swift */ = {isa = PBXFileReference; lastKnownFileType = sourcecode.swift; path = LeagueListViewController.swift; sourceTree = "<group>"; };
		6E9129C3245331E800F89B26 /* LeagueListViewController.xib */ = {isa = PBXFileReference; lastKnownFileType = file.xib; path = LeagueListViewController.xib; sourceTree = "<group>"; };
		6E9129C62453323500F89B26 /* LeagueListViewModel.swift */ = {isa = PBXFileReference; lastKnownFileType = sourcecode.swift; path = LeagueListViewModel.swift; sourceTree = "<group>"; };
		6E9129C82453326800F89B26 /* SearchViewController.swift */ = {isa = PBXFileReference; lastKnownFileType = sourcecode.swift; path = SearchViewController.swift; sourceTree = "<group>"; };
		6E9129C92453326800F89B26 /* SearchViewController.xib */ = {isa = PBXFileReference; lastKnownFileType = file.xib; path = SearchViewController.xib; sourceTree = "<group>"; };
		6E9129CC2453327C00F89B26 /* SearchViewModel.swift */ = {isa = PBXFileReference; lastKnownFileType = sourcecode.swift; path = SearchViewModel.swift; sourceTree = "<group>"; };
		6E9129CE2453329C00F89B26 /* FavoriteViewController.swift */ = {isa = PBXFileReference; lastKnownFileType = sourcecode.swift; path = FavoriteViewController.swift; sourceTree = "<group>"; };
		6E9129CF2453329C00F89B26 /* FavoriteViewController.xib */ = {isa = PBXFileReference; lastKnownFileType = file.xib; path = FavoriteViewController.xib; sourceTree = "<group>"; };
		6E9129D2245332B500F89B26 /* FavoriteViewModel.swift */ = {isa = PBXFileReference; lastKnownFileType = sourcecode.swift; path = FavoriteViewModel.swift; sourceTree = "<group>"; };
		6E9129D52453383D00F89B26 /* StringExt.swift */ = {isa = PBXFileReference; lastKnownFileType = sourcecode.swift; path = StringExt.swift; sourceTree = "<group>"; };
		6E9129D724533F6300F89B26 /* App.swift */ = {isa = PBXFileReference; lastKnownFileType = sourcecode.swift; path = App.swift; sourceTree = "<group>"; };
		6E9129D9245340AE00F89B26 /* MapperExt.swift */ = {isa = PBXFileReference; lastKnownFileType = sourcecode.swift; path = MapperExt.swift; sourceTree = "<group>"; };
		6E9129DF245341DF00F89B26 /* UIGestureRecognizerExt.swift */ = {isa = PBXFileReference; lastKnownFileType = sourcecode.swift; path = UIGestureRecognizerExt.swift; sourceTree = "<group>"; };
		6E9129E12453420500F89B26 /* UIColorExt.swift */ = {isa = PBXFileReference; lastKnownFileType = sourcecode.swift; path = UIColorExt.swift; sourceTree = "<group>"; };
		6E9129E32453423100F89B26 /* UICollectionViewExt.swift */ = {isa = PBXFileReference; lastKnownFileType = sourcecode.swift; path = UICollectionViewExt.swift; sourceTree = "<group>"; };
		6E9129E52453429F00F89B26 /* UILabelExt.swift */ = {isa = PBXFileReference; lastKnownFileType = sourcecode.swift; path = UILabelExt.swift; sourceTree = "<group>"; };
		6E9129E72453430200F89B26 /* UINavigationItemExt.swift */ = {isa = PBXFileReference; lastKnownFileType = sourcecode.swift; path = UINavigationItemExt.swift; sourceTree = "<group>"; };
		6E9129E92453434C00F89B26 /* UIScrollViewExt.swift */ = {isa = PBXFileReference; lastKnownFileType = sourcecode.swift; path = UIScrollViewExt.swift; sourceTree = "<group>"; };
		6E9129ED2453438600F89B26 /* UITableViewExt.swift */ = {isa = PBXFileReference; lastKnownFileType = sourcecode.swift; path = UITableViewExt.swift; sourceTree = "<group>"; };
		6E9129EF2453443000F89B26 /* UIViewExt.swift */ = {isa = PBXFileReference; lastKnownFileType = sourcecode.swift; path = UIViewExt.swift; sourceTree = "<group>"; };
		6E9129F2245345D700F89B26 /* ApiManager.swift */ = {isa = PBXFileReference; lastKnownFileType = sourcecode.swift; path = ApiManager.swift; sourceTree = "<group>"; };
		6E9129F42453467B00F89B26 /* RequestSerializer.swift */ = {isa = PBXFileReference; lastKnownFileType = sourcecode.swift; path = RequestSerializer.swift; sourceTree = "<group>"; };
		6E9129F82453478200F89B26 /* Router.swift */ = {isa = PBXFileReference; lastKnownFileType = sourcecode.swift; path = Router.swift; sourceTree = "<group>"; };
		6E9129FA24534A2E00F89B26 /* ResponseSerializer.swift */ = {isa = PBXFileReference; lastKnownFileType = sourcecode.swift; path = ResponseSerializer.swift; sourceTree = "<group>"; };
		6E9129FC24534A7800F89B26 /* Error.swift */ = {isa = PBXFileReference; lastKnownFileType = sourcecode.swift; path = Error.swift; sourceTree = "<group>"; };
		6E9129FE24534DA100F89B26 /* NSURL.swift */ = {isa = PBXFileReference; lastKnownFileType = sourcecode.swift; path = NSURL.swift; sourceTree = "<group>"; };
		6E912A002453535700F89B26 /* DictionaryExt.swift */ = {isa = PBXFileReference; lastKnownFileType = sourcecode.swift; path = DictionaryExt.swift; sourceTree = "<group>"; };
		6E912A022453541200F89B26 /* NSDataExt.swift */ = {isa = PBXFileReference; lastKnownFileType = sourcecode.swift; path = NSDataExt.swift; sourceTree = "<group>"; };
		6E912A042453569B00F89B26 /* CollectionView.swift */ = {isa = PBXFileReference; lastKnownFileType = sourcecode.swift; path = CollectionView.swift; sourceTree = "<group>"; };
		6E912A06245356D300F89B26 /* NavigationController.swift */ = {isa = PBXFileReference; lastKnownFileType = sourcecode.swift; path = NavigationController.swift; sourceTree = "<group>"; };
		6E912A082453570000F89B26 /* Popup.swift */ = {isa = PBXFileReference; lastKnownFileType = sourcecode.swift; path = Popup.swift; sourceTree = "<group>"; };
		6E912A0A245357AC00F89B26 /* View.swift */ = {isa = PBXFileReference; lastKnownFileType = sourcecode.swift; path = View.swift; sourceTree = "<group>"; };
		6E912A0D2453582800F89B26 /* Player.swift */ = {isa = PBXFileReference; lastKnownFileType = sourcecode.swift; path = Player.swift; sourceTree = "<group>"; };
		6E912A0F2453592500F89B26 /* CollectionExt.swift */ = {isa = PBXFileReference; lastKnownFileType = sourcecode.swift; path = CollectionExt.swift; sourceTree = "<group>"; };
		6E912A112453596F00F89B26 /* BundleExt.swift */ = {isa = PBXFileReference; lastKnownFileType = sourcecode.swift; path = BundleExt.swift; sourceTree = "<group>"; };
		6E912A13245359C200F89B26 /* Color.swift */ = {isa = PBXFileReference; lastKnownFileType = sourcecode.swift; path = Color.swift; sourceTree = "<group>"; };
		8C84656D731A9EF57FF398C2 /* Pods_FinalProject.framework */ = {isa = PBXFileReference; explicitFileType = wrapper.framework; includeInIndex = 0; path = Pods_FinalProject.framework; sourceTree = BUILT_PRODUCTS_DIR; };
		A4133B7524572E310036C4DB /* LeagueTableCell.swift */ = {isa = PBXFileReference; lastKnownFileType = sourcecode.swift; path = LeagueTableCell.swift; sourceTree = "<group>"; };
		A4133B7624572E310036C4DB /* LeagueTableCell.xib */ = {isa = PBXFileReference; lastKnownFileType = file.xib; path = LeagueTableCell.xib; sourceTree = "<group>"; };
		A4133B7924572E6C0036C4DB /* LeagueTableCellVM.swift */ = {isa = PBXFileReference; lastKnownFileType = sourcecode.swift; path = LeagueTableCellVM.swift; sourceTree = "<group>"; };
		A492BE812457D13800D32CA3 /* DataExt.swift */ = {isa = PBXFileReference; lastKnownFileType = sourcecode.swift; path = DataExt.swift; sourceTree = "<group>"; };
		A492BE832457D26D00D32CA3 /* Networking.swift */ = {isa = PBXFileReference; lastKnownFileType = sourcecode.swift; path = Networking.swift; sourceTree = "<group>"; };
		A492BE852457D48500D32CA3 /* League.swift */ = {isa = PBXFileReference; lastKnownFileType = sourcecode.swift; path = League.swift; sourceTree = "<group>"; };
		A4CA43202456852300063EBF /* TabBarViewController.swift */ = {isa = PBXFileReference; lastKnownFileType = sourcecode.swift; path = TabBarViewController.swift; sourceTree = "<group>"; };
		A4CBC5DC24593D5900F6261A /* DetailLeagueViewController.swift */ = {isa = PBXFileReference; lastKnownFileType = sourcecode.swift; path = DetailLeagueViewController.swift; sourceTree = "<group>"; };
		A4CBC5DD24593D5900F6261A /* DetailLeagueViewController.xib */ = {isa = PBXFileReference; lastKnownFileType = file.xib; path = DetailLeagueViewController.xib; sourceTree = "<group>"; };
		A4CBC5E024593D7100F6261A /* DetailLeagueViewModel.swift */ = {isa = PBXFileReference; lastKnownFileType = sourcecode.swift; path = DetailLeagueViewModel.swift; sourceTree = "<group>"; };
		E16B548E52F801DE259271BD /* Pods-FinalProject.release.xcconfig */ = {isa = PBXFileReference; includeInIndex = 1; lastKnownFileType = text.xcconfig; name = "Pods-FinalProject.release.xcconfig"; path = "Target Support Files/Pods-FinalProject/Pods-FinalProject.release.xcconfig"; sourceTree = "<group>"; };
/* End PBXFileReference section */

/* Begin PBXFrameworksBuildPhase section */
		6E91299A2452AA0300F89B26 /* Frameworks */ = {
			isa = PBXFrameworksBuildPhase;
			buildActionMask = 2147483647;
			files = (
				28FCBB971641E38092688B26 /* Pods_FinalProject.framework in Frameworks */,
			);
			runOnlyForDeploymentPostprocessing = 0;
		};
/* End PBXFrameworksBuildPhase section */

/* Begin PBXGroup section */
		4F3EBF249F62BE89069089D1 /* Pods */ = {
			isa = PBXGroup;
			children = (
				0E6ED284269ACB16FE950D0A /* Pods-FinalProject.debug.xcconfig */,
				E16B548E52F801DE259271BD /* Pods-FinalProject.release.xcconfig */,
				0E84EB681DEC80E3396F7D0C /* Pods-FinalProject.release.xcconfig */,
			);
			path = Pods;
			sourceTree = "<group>";
		};
		6E9129942452AA0300F89B26 = {
			isa = PBXGroup;
			children = (
				6E91299F2452AA0300F89B26 /* FinalProject */,
				6E91299E2452AA0300F89B26 /* Products */,
				4F3EBF249F62BE89069089D1 /* Pods */,
				F3CA9D46B538F796D41C795C /* Frameworks */,
			);
			sourceTree = "<group>";
		};
		6E91299E2452AA0300F89B26 /* Products */ = {
			isa = PBXGroup;
			children = (
				6E91299D2452AA0300F89B26 /* FinalProject.app */,
			);
			name = Products;
			sourceTree = "<group>";
		};
		6E91299F2452AA0300F89B26 /* FinalProject */ = {
			isa = PBXGroup;
			children = (
				6E9129B824532A5100F89B26 /* Define */,
				6E9129B924532A6500F89B26 /* Library */,
				6E9129B72453233600F89B26 /* Support */,
				6E9129B62453230C00F89B26 /* Resource */,
				6E9129BB24532A7B00F89B26 /* Model */,
				6E9129BA24532A7200F89B26 /* View */,
			);
			path = FinalProject;
			sourceTree = "<group>";
		};
		6E9129B62453230C00F89B26 /* Resource */ = {
			isa = PBXGroup;
			children = (
				6E9129A92452AA0800F89B26 /* Assets.xcassets */,
			);
			path = Resource;
			sourceTree = "<group>";
		};
		6E9129B72453233600F89B26 /* Support */ = {
			isa = PBXGroup;
			children = (
				6E9129AB2452AA0800F89B26 /* LaunchScreen.storyboard */,
				6E9129AE2452AA0800F89B26 /* Info.plist */,
			);
			path = Support;
			sourceTree = "<group>";
		};
		6E9129B824532A5100F89B26 /* Define */ = {
			isa = PBXGroup;
			children = (
				6E9129D724533F6300F89B26 /* App.swift */,
				6E912A13245359C200F89B26 /* Color.swift */,
			);
			path = Define;
			sourceTree = "<group>";
		};
		6E9129B924532A6500F89B26 /* Library */ = {
			isa = PBXGroup;
			children = (
				6E9129D4245333A900F89B26 /* Ext */,
			);
			path = Library;
			sourceTree = "<group>";
		};
		6E9129BA24532A7200F89B26 /* View */ = {
			isa = PBXGroup;
			children = (
				6E9129A02452AA0300F89B26 /* AppDelegate.swift */,
				6E9129A22452AA0300F89B26 /* SceneDelegate.swift */,
				6E9129BC24532BA200F89B26 /* Base */,
				6E9129BD2453307300F89B26 /* ViewController */,
				6E9129BE2453307E00F89B26 /* CustomView */,
			);
			path = View;
			sourceTree = "<group>";
		};
		6E9129BB24532A7B00F89B26 /* Model */ = {
			isa = PBXGroup;
			children = (
				6E912A0C2453580F00F89B26 /* Schema */,
				6E9129F1245345BD00F89B26 /* API */,
			);
			path = Model;
			sourceTree = "<group>";
		};
		6E9129BC24532BA200F89B26 /* Base */ = {
			isa = PBXGroup;
			children = (
				6E9129A42452AA0300F89B26 /* ViewController.swift */,
				6E912A042453569B00F89B26 /* CollectionView.swift */,
				6E912A06245356D300F89B26 /* NavigationController.swift */,
				6E912A082453570000F89B26 /* Popup.swift */,
				6E912A0A245357AC00F89B26 /* View.swift */,
				A4CA43202456852300063EBF /* TabBarViewController.swift */,
			);
			path = Base;
			sourceTree = "<group>";
		};
		6E9129BD2453307300F89B26 /* ViewController */ = {
			isa = PBXGroup;
			children = (
				6E9129BF245330DA00F89B26 /* 1. League */,
				6E9129C0245330EA00F89B26 /* 2. Search */,
				6E9129C1245330F300F89B26 /* 3. Favorite */,
			);
			path = ViewController;
			sourceTree = "<group>";
		};
		6E9129BE2453307E00F89B26 /* CustomView */ = {
			isa = PBXGroup;
			children = (
			);
			path = CustomView;
			sourceTree = "<group>";
		};
		6E9129BF245330DA00F89B26 /* 1. League */ = {
			isa = PBXGroup;
			children = (
				A4133B7424572DEE0036C4DB /* Cell */,
				6E9129C2245331E800F89B26 /* LeagueListViewController.swift */,
				6E9129C3245331E800F89B26 /* LeagueListViewController.xib */,
				6E9129C62453323500F89B26 /* LeagueListViewModel.swift */,
				A4CBC5DC24593D5900F6261A /* DetailLeagueViewController.swift */,
				A4CBC5DD24593D5900F6261A /* DetailLeagueViewController.xib */,
				A4CBC5E024593D7100F6261A /* DetailLeagueViewModel.swift */,
			);
			path = "1. League";
			sourceTree = "<group>";
		};
		6E9129C0245330EA00F89B26 /* 2. Search */ = {
			isa = PBXGroup;
			children = (
				6E9129C82453326800F89B26 /* SearchViewController.swift */,
				6E9129C92453326800F89B26 /* SearchViewController.xib */,
				6E9129CC2453327C00F89B26 /* SearchViewModel.swift */,
			);
			path = "2. Search";
			sourceTree = "<group>";
		};
		6E9129C1245330F300F89B26 /* 3. Favorite */ = {
			isa = PBXGroup;
			children = (
				6E9129CE2453329C00F89B26 /* FavoriteViewController.swift */,
				6E9129CF2453329C00F89B26 /* FavoriteViewController.xib */,
				6E9129D2245332B500F89B26 /* FavoriteViewModel.swift */,
			);
			path = "3. Favorite";
			sourceTree = "<group>";
		};
		6E9129D4245333A900F89B26 /* Ext */ = {
			isa = PBXGroup;
			children = (
				6E912A112453596F00F89B26 /* BundleExt.swift */,
				6E912A0F2453592500F89B26 /* CollectionExt.swift */,
				6E912A002453535700F89B26 /* DictionaryExt.swift */,
				6E9129D9245340AE00F89B26 /* MapperExt.swift */,
				6E912A022453541200F89B26 /* NSDataExt.swift */,
				6E9129D52453383D00F89B26 /* StringExt.swift */,
				6E9129E32453423100F89B26 /* UICollectionViewExt.swift */,
				6E9129E12453420500F89B26 /* UIColorExt.swift */,
				6E9129DF245341DF00F89B26 /* UIGestureRecognizerExt.swift */,
				6E9129E52453429F00F89B26 /* UILabelExt.swift */,
				6E9129E72453430200F89B26 /* UINavigationItemExt.swift */,
				6E9129E92453434C00F89B26 /* UIScrollViewExt.swift */,
				6E9129ED2453438600F89B26 /* UITableViewExt.swift */,
				6E9129EF2453443000F89B26 /* UIViewExt.swift */,
				A492BE812457D13800D32CA3 /* DataExt.swift */,
				6E8967DB245857EF00CF52C7 /* FontSizeExt.swift */,
				6E8967DD2458586900CF52C7 /* Ratio.swift */,
			);
			path = Ext;
			sourceTree = "<group>";
		};
		6E9129F1245345BD00F89B26 /* API */ = {
			isa = PBXGroup;
			children = (
				6E9129F2245345D700F89B26 /* ApiManager.swift */,
				6E9129F42453467B00F89B26 /* RequestSerializer.swift */,
				6E9129F82453478200F89B26 /* Router.swift */,
				6E9129FA24534A2E00F89B26 /* ResponseSerializer.swift */,
				6E9129FC24534A7800F89B26 /* Error.swift */,
				6E9129FE24534DA100F89B26 /* NSURL.swift */,
				A492BE832457D26D00D32CA3 /* Networking.swift */,
			);
			path = API;
			sourceTree = "<group>";
		};
		6E912A0C2453580F00F89B26 /* Schema */ = {
			isa = PBXGroup;
			children = (
				6E912A0D2453582800F89B26 /* Player.swift */,
				A492BE852457D48500D32CA3 /* League.swift */,
			);
			path = Schema;
			sourceTree = "<group>";
		};
		A4133B7424572DEE0036C4DB /* Cell */ = {
			isa = PBXGroup;
			children = (
				A4133B7524572E310036C4DB /* LeagueTableCell.swift */,
				A4133B7624572E310036C4DB /* LeagueTableCell.xib */,
				A4133B7924572E6C0036C4DB /* LeagueTableCellVM.swift */,
			);
			path = Cell;
			sourceTree = "<group>";
		};
		F3CA9D46B538F796D41C795C /* Frameworks */ = {
			isa = PBXGroup;
			children = (
				8C84656D731A9EF57FF398C2 /* Pods_FinalProject.framework */,
			);
			name = Frameworks;
			sourceTree = "<group>";
		};
/* End PBXGroup section */

/* Begin PBXNativeTarget section */
		6E91299C2452AA0300F89B26 /* FinalProject */ = {
			isa = PBXNativeTarget;
			buildConfigurationList = 6E9129B12452AA0800F89B26 /* Build configuration list for PBXNativeTarget "FinalProject" */;
			buildPhases = (
				AA0D8FF34D6AC9814FA10437 /* [CP] Check Pods Manifest.lock */,
				6E9129992452AA0300F89B26 /* Sources */,
				6E91299A2452AA0300F89B26 /* Frameworks */,
				6E91299B2452AA0300F89B26 /* Resources */,
				42DA9212429AA97CF730AAC9 /* [CP] Embed Pods Frameworks */,
				6E9129B42452BD3900F89B26 /* Swift Lint */,
			);
			buildRules = (
			);
			dependencies = (
			);
			name = FinalProject;
			productName = FinalProject;
			productReference = 6E91299D2452AA0300F89B26 /* FinalProject.app */;
			productType = "com.apple.product-type.application";
		};
/* End PBXNativeTarget section */

/* Begin PBXProject section */
		6E9129952452AA0300F89B26 /* Project object */ = {
			isa = PBXProject;
			attributes = {
				LastSwiftUpdateCheck = 1100;
				LastUpgradeCheck = 1100;
				ORGANIZATIONNAME = MBA0176;
				TargetAttributes = {
					6E91299C2452AA0300F89B26 = {
						CreatedOnToolsVersion = 11.0;
					};
				};
			};
			buildConfigurationList = 6E9129982452AA0300F89B26 /* Build configuration list for PBXProject "FinalProject" */;
			compatibilityVersion = "Xcode 9.3";
			developmentRegion = en;
			hasScannedForEncodings = 0;
			knownRegions = (
				en,
				Base,
			);
			mainGroup = 6E9129942452AA0300F89B26;
			productRefGroup = 6E91299E2452AA0300F89B26 /* Products */;
			projectDirPath = "";
			projectRoot = "";
			targets = (
				6E91299C2452AA0300F89B26 /* FinalProject */,
			);
		};
/* End PBXProject section */

/* Begin PBXResourcesBuildPhase section */
		6E91299B2452AA0300F89B26 /* Resources */ = {
			isa = PBXResourcesBuildPhase;
			buildActionMask = 2147483647;
			files = (
				6E9129AD2452AA0800F89B26 /* LaunchScreen.storyboard in Resources */,
				6E9129AA2452AA0800F89B26 /* Assets.xcassets in Resources */,
				6E9129CB2453326800F89B26 /* SearchViewController.xib in Resources */,
				6E9129D12453329C00F89B26 /* FavoriteViewController.xib in Resources */,
				6E9129C5245331E800F89B26 /* LeagueListViewController.xib in Resources */,
				A4133B7824572E310036C4DB /* LeagueTableCell.xib in Resources */,
				A4CBC5DF24593D5900F6261A /* DetailLeagueViewController.xib in Resources */,
			);
			runOnlyForDeploymentPostprocessing = 0;
		};
/* End PBXResourcesBuildPhase section */

/* Begin PBXShellScriptBuildPhase section */
		42DA9212429AA97CF730AAC9 /* [CP] Embed Pods Frameworks */ = {
			isa = PBXShellScriptBuildPhase;
			buildActionMask = 2147483647;
			files = (
			);
			inputFileListPaths = (
				"${PODS_ROOT}/Target Support Files/Pods-FinalProject/Pods-FinalProject-frameworks-${CONFIGURATION}-input-files.xcfilelist",
			);
			name = "[CP] Embed Pods Frameworks";
			outputFileListPaths = (
				"${PODS_ROOT}/Target Support Files/Pods-FinalProject/Pods-FinalProject-frameworks-${CONFIGURATION}-output-files.xcfilelist",
			);
			runOnlyForDeploymentPostprocessing = 0;
			shellPath = /bin/sh;
			shellScript = "\"${PODS_ROOT}/Target Support Files/Pods-FinalProject/Pods-FinalProject-frameworks.sh\"\n";
			showEnvVarsInLog = 0;
		};
		6E9129B42452BD3900F89B26 /* Swift Lint */ = {
			isa = PBXShellScriptBuildPhase;
			buildActionMask = 2147483647;
			files = (
			);
			inputFileListPaths = (
			);
			inputPaths = (
			);
			name = "Swift Lint";
			outputFileListPaths = (
			);
			outputPaths = (
			);
			runOnlyForDeploymentPostprocessing = 0;
			shellPath = /bin/sh;
			shellScript = "\"${PODS_ROOT}/SwiftLint/swiftlint\"\n";
		};
		AA0D8FF34D6AC9814FA10437 /* [CP] Check Pods Manifest.lock */ = {
			isa = PBXShellScriptBuildPhase;
			buildActionMask = 2147483647;
			files = (
			);
			inputFileListPaths = (
			);
			inputPaths = (
				"${PODS_PODFILE_DIR_PATH}/Podfile.lock",
				"${PODS_ROOT}/Manifest.lock",
			);
			name = "[CP] Check Pods Manifest.lock";
			outputFileListPaths = (
			);
			outputPaths = (
				"$(DERIVED_FILE_DIR)/Pods-FinalProject-checkManifestLockResult.txt",
			);
			runOnlyForDeploymentPostprocessing = 0;
			shellPath = /bin/sh;
			shellScript = "diff \"${PODS_PODFILE_DIR_PATH}/Podfile.lock\" \"${PODS_ROOT}/Manifest.lock\" > /dev/null\nif [ $? != 0 ] ; then\n    # print error to STDERR\n    echo \"error: The sandbox is not in sync with the Podfile.lock. Run 'pod install' or update your CocoaPods installation.\" >&2\n    exit 1\nfi\n# This output is used by Xcode 'outputs' to avoid re-running this script phase.\necho \"SUCCESS\" > \"${SCRIPT_OUTPUT_FILE_0}\"\n";
			showEnvVarsInLog = 0;
		};
/* End PBXShellScriptBuildPhase section */

/* Begin PBXSourcesBuildPhase section */
		6E9129992452AA0300F89B26 /* Sources */ = {
			isa = PBXSourcesBuildPhase;
			buildActionMask = 2147483647;
			files = (
				6E912A0B245357AC00F89B26 /* View.swift in Sources */,
				6E9129DA245340AE00F89B26 /* MapperExt.swift in Sources */,
				6E9129E0245341E000F89B26 /* UIGestureRecognizerExt.swift in Sources */,
				A492BE822457D13800D32CA3 /* DataExt.swift in Sources */,
				6E9129D3245332B500F89B26 /* FavoriteViewModel.swift in Sources */,
				6E9129F52453467B00F89B26 /* RequestSerializer.swift in Sources */,
				6E9129CA2453326800F89B26 /* SearchViewController.swift in Sources */,
				6E912A052453569B00F89B26 /* CollectionView.swift in Sources */,
				6E9129D824533F6300F89B26 /* App.swift in Sources */,
				6E912A07245356D300F89B26 /* NavigationController.swift in Sources */,
				6E912A032453541200F89B26 /* NSDataExt.swift in Sources */,
				A4CA43212456852300063EBF /* TabBarViewController.swift in Sources */,
				6E9129E82453430200F89B26 /* UINavigationItemExt.swift in Sources */,
				6E9129EE2453438600F89B26 /* UITableViewExt.swift in Sources */,
				6E9129CD2453327C00F89B26 /* SearchViewModel.swift in Sources */,
				6E912A092453570000F89B26 /* Popup.swift in Sources */,
				6E912A122453596F00F89B26 /* BundleExt.swift in Sources */,
				6E9129A52452AA0300F89B26 /* ViewController.swift in Sources */,
				6E9129E42453423100F89B26 /* UICollectionViewExt.swift in Sources */,
				6E912A14245359C200F89B26 /* Color.swift in Sources */,
				6E8967DC245857EF00CF52C7 /* FontSizeExt.swift in Sources */,
				6E912A012453535700F89B26 /* DictionaryExt.swift in Sources */,
				6E9129F3245345D700F89B26 /* ApiManager.swift in Sources */,
				6E9129D62453383D00F89B26 /* StringExt.swift in Sources */,
				A4CBC5E124593D7100F6261A /* DetailLeagueViewModel.swift in Sources */,
				6E9129A12452AA0300F89B26 /* AppDelegate.swift in Sources */,
				6E9129F02453443000F89B26 /* UIViewExt.swift in Sources */,
				6E9129F92453478200F89B26 /* Router.swift in Sources */,
				6E912A0E2453582800F89B26 /* Player.swift in Sources */,
				A4CBC5DE24593D5900F6261A /* DetailLeagueViewController.swift in Sources */,
				A4133B7A24572E6C0036C4DB /* LeagueTableCellVM.swift in Sources */,
				6E8967DE2458586900CF52C7 /* Ratio.swift in Sources */,
				A492BE862457D48500D32CA3 /* League.swift in Sources */,
				6E9129FF24534DA100F89B26 /* NSURL.swift in Sources */,
				6E9129E62453429F00F89B26 /* UILabelExt.swift in Sources */,
				6E9129A32452AA0300F89B26 /* SceneDelegate.swift in Sources */,
				6E9129EA2453434C00F89B26 /* UIScrollViewExt.swift in Sources */,
				6E9129C72453323500F89B26 /* LeagueListViewModel.swift in Sources */,
				6E9129FB24534A2E00F89B26 /* ResponseSerializer.swift in Sources */,
				A492BE842457D26D00D32CA3 /* Networking.swift in Sources */,
				6E9129D02453329C00F89B26 /* FavoriteViewController.swift in Sources */,
				6E9129E22453420500F89B26 /* UIColorExt.swift in Sources */,
				6E912A102453592500F89B26 /* CollectionExt.swift in Sources */,
				6E9129FD24534A7800F89B26 /* Error.swift in Sources */,
				6E9129C4245331E800F89B26 /* LeagueListViewController.swift in Sources */,
				A4133B7724572E310036C4DB /* LeagueTableCell.swift in Sources */,
			);
			runOnlyForDeploymentPostprocessing = 0;
		};
/* End PBXSourcesBuildPhase section */

/* Begin PBXVariantGroup section */
		6E9129AB2452AA0800F89B26 /* LaunchScreen.storyboard */ = {
			isa = PBXVariantGroup;
			children = (
				6E9129AC2452AA0800F89B26 /* Base */,
			);
			name = LaunchScreen.storyboard;
			sourceTree = "<group>";
		};
/* End PBXVariantGroup section */

/* Begin XCBuildConfiguration section */
		6E9129AF2452AA0800F89B26 /* Debug */ = {
			isa = XCBuildConfiguration;
			buildSettings = {
				ALWAYS_SEARCH_USER_PATHS = NO;
				CLANG_ANALYZER_NONNULL = YES;
				CLANG_ANALYZER_NUMBER_OBJECT_CONVERSION = YES_AGGRESSIVE;
				CLANG_CXX_LANGUAGE_STANDARD = "gnu++14";
				CLANG_CXX_LIBRARY = "libc++";
				CLANG_ENABLE_MODULES = YES;
				CLANG_ENABLE_OBJC_ARC = YES;
				CLANG_ENABLE_OBJC_WEAK = YES;
				CLANG_WARN_BLOCK_CAPTURE_AUTORELEASING = YES;
				CLANG_WARN_BOOL_CONVERSION = YES;
				CLANG_WARN_COMMA = YES;
				CLANG_WARN_CONSTANT_CONVERSION = YES;
				CLANG_WARN_DEPRECATED_OBJC_IMPLEMENTATIONS = YES;
				CLANG_WARN_DIRECT_OBJC_ISA_USAGE = YES_ERROR;
				CLANG_WARN_DOCUMENTATION_COMMENTS = YES;
				CLANG_WARN_EMPTY_BODY = YES;
				CLANG_WARN_ENUM_CONVERSION = YES;
				CLANG_WARN_INFINITE_RECURSION = YES;
				CLANG_WARN_INT_CONVERSION = YES;
				CLANG_WARN_NON_LITERAL_NULL_CONVERSION = YES;
				CLANG_WARN_OBJC_IMPLICIT_RETAIN_SELF = YES;
				CLANG_WARN_OBJC_LITERAL_CONVERSION = YES;
				CLANG_WARN_OBJC_ROOT_CLASS = YES_ERROR;
				CLANG_WARN_RANGE_LOOP_ANALYSIS = YES;
				CLANG_WARN_STRICT_PROTOTYPES = YES;
				CLANG_WARN_SUSPICIOUS_MOVE = YES;
				CLANG_WARN_UNGUARDED_AVAILABILITY = YES_AGGRESSIVE;
				CLANG_WARN_UNREACHABLE_CODE = YES;
				CLANG_WARN__DUPLICATE_METHOD_MATCH = YES;
				COPY_PHASE_STRIP = NO;
				DEBUG_INFORMATION_FORMAT = dwarf;
				ENABLE_STRICT_OBJC_MSGSEND = YES;
				ENABLE_TESTABILITY = YES;
				GCC_C_LANGUAGE_STANDARD = gnu11;
				GCC_DYNAMIC_NO_PIC = NO;
				GCC_NO_COMMON_BLOCKS = YES;
				GCC_OPTIMIZATION_LEVEL = 0;
				GCC_PREPROCESSOR_DEFINITIONS = (
					"DEBUG=1",
					"$(inherited)",
				);
				GCC_WARN_64_TO_32_BIT_CONVERSION = YES;
				GCC_WARN_ABOUT_RETURN_TYPE = YES_ERROR;
				GCC_WARN_UNDECLARED_SELECTOR = YES;
				GCC_WARN_UNINITIALIZED_AUTOS = YES_AGGRESSIVE;
				GCC_WARN_UNUSED_FUNCTION = YES;
				GCC_WARN_UNUSED_VARIABLE = YES;
				IPHONEOS_DEPLOYMENT_TARGET = 13.0;
				MTL_ENABLE_DEBUG_INFO = INCLUDE_SOURCE;
				MTL_FAST_MATH = YES;
				ONLY_ACTIVE_ARCH = YES;
				SDKROOT = iphoneos;
				SWIFT_ACTIVE_COMPILATION_CONDITIONS = DEBUG;
				SWIFT_OPTIMIZATION_LEVEL = "-Onone";
			};
			name = Debug;
		};
		6E9129B02452AA0800F89B26 /* Release */ = {
			isa = XCBuildConfiguration;
			buildSettings = {
				ALWAYS_SEARCH_USER_PATHS = NO;
				CLANG_ANALYZER_NONNULL = YES;
				CLANG_ANALYZER_NUMBER_OBJECT_CONVERSION = YES_AGGRESSIVE;
				CLANG_CXX_LANGUAGE_STANDARD = "gnu++14";
				CLANG_CXX_LIBRARY = "libc++";
				CLANG_ENABLE_MODULES = YES;
				CLANG_ENABLE_OBJC_ARC = YES;
				CLANG_ENABLE_OBJC_WEAK = YES;
				CLANG_WARN_BLOCK_CAPTURE_AUTORELEASING = YES;
				CLANG_WARN_BOOL_CONVERSION = YES;
				CLANG_WARN_COMMA = YES;
				CLANG_WARN_CONSTANT_CONVERSION = YES;
				CLANG_WARN_DEPRECATED_OBJC_IMPLEMENTATIONS = YES;
				CLANG_WARN_DIRECT_OBJC_ISA_USAGE = YES_ERROR;
				CLANG_WARN_DOCUMENTATION_COMMENTS = YES;
				CLANG_WARN_EMPTY_BODY = YES;
				CLANG_WARN_ENUM_CONVERSION = YES;
				CLANG_WARN_INFINITE_RECURSION = YES;
				CLANG_WARN_INT_CONVERSION = YES;
				CLANG_WARN_NON_LITERAL_NULL_CONVERSION = YES;
				CLANG_WARN_OBJC_IMPLICIT_RETAIN_SELF = YES;
				CLANG_WARN_OBJC_LITERAL_CONVERSION = YES;
				CLANG_WARN_OBJC_ROOT_CLASS = YES_ERROR;
				CLANG_WARN_RANGE_LOOP_ANALYSIS = YES;
				CLANG_WARN_STRICT_PROTOTYPES = YES;
				CLANG_WARN_SUSPICIOUS_MOVE = YES;
				CLANG_WARN_UNGUARDED_AVAILABILITY = YES_AGGRESSIVE;
				CLANG_WARN_UNREACHABLE_CODE = YES;
				CLANG_WARN__DUPLICATE_METHOD_MATCH = YES;
				COPY_PHASE_STRIP = NO;
				DEBUG_INFORMATION_FORMAT = "dwarf-with-dsym";
				ENABLE_NS_ASSERTIONS = NO;
				ENABLE_STRICT_OBJC_MSGSEND = YES;
				GCC_C_LANGUAGE_STANDARD = gnu11;
				GCC_NO_COMMON_BLOCKS = YES;
				GCC_WARN_64_TO_32_BIT_CONVERSION = YES;
				GCC_WARN_ABOUT_RETURN_TYPE = YES_ERROR;
				GCC_WARN_UNDECLARED_SELECTOR = YES;
				GCC_WARN_UNINITIALIZED_AUTOS = YES_AGGRESSIVE;
				GCC_WARN_UNUSED_FUNCTION = YES;
				GCC_WARN_UNUSED_VARIABLE = YES;
				IPHONEOS_DEPLOYMENT_TARGET = 13.0;
				MTL_ENABLE_DEBUG_INFO = NO;
				MTL_FAST_MATH = YES;
				SDKROOT = iphoneos;
				SWIFT_COMPILATION_MODE = wholemodule;
				SWIFT_OPTIMIZATION_LEVEL = "-O";
				VALIDATE_PRODUCT = YES;
			};
			name = Release;
		};
		6E9129B22452AA0800F89B26 /* Debug */ = {
			isa = XCBuildConfiguration;
			baseConfigurationReference = 0E6ED284269ACB16FE950D0A /* Pods-FinalProject.debug.xcconfig */;
			buildSettings = {
				ASSETCATALOG_COMPILER_APPICON_NAME = AppIcon;
				CODE_SIGN_STYLE = Automatic;
				INFOPLIST_FILE = "$(SRCROOT)/FinalProject/Support/Info.plist";
				IPHONEOS_DEPLOYMENT_TARGET = 13.0;
				LD_RUNPATH_SEARCH_PATHS = (
					"$(inherited)",
					"@executable_path/Frameworks",
				);
				PRODUCT_BUNDLE_IDENTIFIER = com.Test.FinalProject;
				PRODUCT_NAME = "$(TARGET_NAME)";
				SWIFT_VERSION = 5.0;
				TARGETED_DEVICE_FAMILY = "1,2";
			};
			name = Debug;
		};
		6E9129B32452AA0800F89B26 /* Release */ = {
			isa = XCBuildConfiguration;
			baseConfigurationReference = E16B548E52F801DE259271BD /* Pods-FinalProject.release.xcconfig */;
			buildSettings = {
				ASSETCATALOG_COMPILER_APPICON_NAME = AppIcon;
				CODE_SIGN_STYLE = Automatic;
				INFOPLIST_FILE = "$(SRCROOT)/FinalProject/Support/Info.plist";
				IPHONEOS_DEPLOYMENT_TARGET = 13.0;
				LD_RUNPATH_SEARCH_PATHS = (
					"$(inherited)",
					"@executable_path/Frameworks",
				);
				PRODUCT_BUNDLE_IDENTIFIER = com.Test.FinalProject;
				PRODUCT_NAME = "$(TARGET_NAME)";
				SWIFT_VERSION = 5.0;
				TARGETED_DEVICE_FAMILY = "1,2";
			};
			name = Release;
		};
/* End XCBuildConfiguration section */

/* Begin XCConfigurationList section */
		6E9129982452AA0300F89B26 /* Build configuration list for PBXProject "FinalProject" */ = {
			isa = XCConfigurationList;
			buildConfigurations = (
				6E9129AF2452AA0800F89B26 /* Debug */,
				6E9129B02452AA0800F89B26 /* Release */,
			);
			defaultConfigurationIsVisible = 0;
			defaultConfigurationName = Release;
		};
		6E9129B12452AA0800F89B26 /* Build configuration list for PBXNativeTarget "FinalProject" */ = {
			isa = XCConfigurationList;
			buildConfigurations = (
				6E9129B22452AA0800F89B26 /* Debug */,
				6E9129B32452AA0800F89B26 /* Release */,
			);
			defaultConfigurationIsVisible = 0;
			defaultConfigurationName = Release;
		};
/* End XCConfigurationList section */
	};
	rootObject = 6E9129952452AA0300F89B26 /* Project object */;
}
